{
  "version": "4",
  "specifiers": {
    "jsr:@hono/hono@*": "4.6.4",
    "jsr:@std/bytes@^1.0.2": "1.0.4",
    "jsr:@std/bytes@^1.0.3": "1.0.4",
    "jsr:@std/io@*": "0.225.0",
    "jsr:@std/streams@*": "1.0.8",
    "npm:buffer@6.0.3": "6.0.3",
    "npm:minio@8.0.2": "8.0.2",
    "npm:penteract@*": "0.4.0"
  },
  "jsr": {
    "@hono/hono@4.6.4": {
      "integrity": "9bbd937653ab902405af33743561140f8883d27dc730eb9ceac665e2468c8bf6"
    },
    "@std/bytes@1.0.4": {
      "integrity": "11a0debe522707c95c7b7ef89b478c13fb1583a7cfb9a85674cd2cc2e3a28abc"
    },
    "@std/io@0.225.0": {
      "integrity": "c1db7c5e5a231629b32d64b9a53139445b2ca640d828c26bf23e1c55f8c079b3",
      "dependencies": [
        "jsr:@std/bytes@^1.0.2"
      ]
    },
    "@std/streams@1.0.8": {
      "integrity": "b41332d93d2cf6a82fe4ac2153b930adf1a859392931e2a19d9fabfb6f154fb3",
      "dependencies": [
        "jsr:@std/bytes@^1.0.3"
      ]
    }
  },
  "npm": {
    "@zxing/text-encoding@0.9.0": {
      "integrity": "sha512-U/4aVJ2mxI0aDNI8Uq0wEhMgY+u4CNtEb0om3+y3+niDAsoTCOB33UF0sxpzqzdqXLqmvc+vZyAt4O8pPdfkwA=="
    },
    "async@3.2.6": {
      "integrity": "sha512-htCUDlxyyCLMgaM3xXg0C0LW2xqfuQ6p05pCEIsXuyQ+a1koYKTuBMzRNwmybfLgvJDMd0r1LTn4+E0Ti6C2AA=="
    },
    "available-typed-arrays@1.0.7": {
      "integrity": "sha512-wvUjBtSGN7+7SjNpq/9M2Tg350UZD3q62IFZLbRAR1bSMlCo1ZaeW+BJ+D090e4hIIZLBcTDWe4Mh4jvUDajzQ==",
      "dependencies": [
        "possible-typed-array-names"
      ]
    },
    "babel-runtime@6.26.0": {
      "integrity": "sha512-ITKNuq2wKlW1fJg9sSW52eepoYgZBggvOAHC0u/CYu/qxQ9EVzThCgR69BnSXLHjy2f7SY5zaQ4yt7H9ZVxY2g==",
      "dependencies": [
        "core-js",
        "regenerator-runtime"
      ]
    },
    "base64-js@1.5.1": {
      "integrity": "sha512-AKpaYlHn8t4SVbOHCy+b5+KKgvR4vrsD8vbvrbiQJps7fKDTkjkDry6ji0rUJjC0kzbNePLwzxq8iypo41qeWA=="
    },
    "block-stream2@2.1.0": {
      "integrity": "sha512-suhjmLI57Ewpmq00qaygS8UgEq2ly2PCItenIyhMqVjo4t4pGzqMvfgJuX8iWTeSDdfSSqS6j38fL4ToNL7Pfg==",
      "dependencies": [
        "readable-stream"
      ]
    },
    "browser-or-node@2.1.1": {
      "integrity": "sha512-8CVjaLJGuSKMVTxJ2DpBl5XnlNDiT4cQFeuCJJrvJmts9YrTZDizTX7PjC2s6W4x+MBGZeEY6dGMrF04/6Hgqg=="
    },
    "buffer-crc32@1.0.0": {
      "integrity": "sha512-Db1SbgBS/fg/392AblrMJk97KggmvYhr4pB5ZIMTWtaivCPMWLkmb7m21cJvpvgK+J3nsU2CmmixNBZx4vFj/w=="
    },
    "buffer@6.0.3": {
      "integrity": "sha512-FTiCpNxtwiZZHEZbcbTIcZjERVICn9yq/pDFkTl95/AxzD1naBctN7YO68riM/gLSDY7sdrMby8hofADYuuqOA==",
      "dependencies": [
        "base64-js",
        "ieee754"
      ]
    },
    "call-bind@1.0.7": {
      "integrity": "sha512-GHTSNSYICQ7scH7sZ+M2rFopRoLh8t2bLSW6BbgrtLsahOIB5iyAVJf9GjWK3cYTDaMj4XdBpM1cA6pIS0Kv2w==",
      "dependencies": [
        "es-define-property",
        "es-errors",
        "function-bind",
        "get-intrinsic",
        "set-function-length"
      ]
    },
    "core-js@2.6.12": {
      "integrity": "sha512-Kb2wC0fvsWfQrgk8HU5lW6U/Lcs8+9aaYcy4ZFc6DDlo4nZ7n70dEgE5rtR0oG6ufKDUnrwfWL1mXR5ljDatrQ=="
    },
    "decode-uri-component@0.2.2": {
      "integrity": "sha512-FqUYQ+8o158GyGTrMFJms9qh3CqTKvAqgqsTnkLI8sKu0028orqBhxNMFkFen0zGyg6epACD32pjVk58ngIErQ=="
    },
    "define-data-property@1.1.4": {
      "integrity": "sha512-rBMvIzlpA8v6E+SJZoo++HAYqsLrkg7MSfIinMPFhmkorw7X+dOXVJQs+QT69zGkzMyfDnIMN2Wid1+NbL3T+A==",
      "dependencies": [
        "es-define-property",
        "es-errors",
        "gopd"
      ]
    },
    "es-define-property@1.0.0": {
      "integrity": "sha512-jxayLKShrEqqzJ0eumQbVhTYQM27CfT1T35+gCgDFoL82JLsXqTJ76zv6A0YLOgEnLUMvLzsDsGIrl8NFpT2gQ==",
      "dependencies": [
        "get-intrinsic"
      ]
    },
    "es-errors@1.3.0": {
      "integrity": "sha512-Zf5H2Kxt2xjTvbJvP2ZWLEICxA6j+hAmMzIlypy4xcBg1vKVnx89Wy0GbS+kf5cwCVFFzdCFh2XSCFNULS6csw=="
    },
    "eventemitter3@5.0.1": {
      "integrity": "sha512-GWkBvjiSZK87ELrYOSESUYeVIc9mvLLf/nXalMOS5dYrgZq9o5OVkbZAVM06CVxYsCwH9BDZFPlQTlPA1j4ahA=="
    },
    "fast-xml-parser@4.5.0": {
      "integrity": "sha512-/PlTQCI96+fZMAOLMZK4CWG1ItCbfZ/0jx7UIJFChPNrx7tcEgerUgWbeieCM9MfHInUDyK8DWYZ+YrywDJuTg==",
      "dependencies": [
        "strnum"
      ]
    },
    "filter-obj@1.1.0": {
      "integrity": "sha512-8rXg1ZnX7xzy2NGDVkBVaAy+lSlPNwad13BtgSlLuxfIslyt5Vg64U7tFcCt4WS1R0hvtnQybT/IyCkGZ3DpXQ=="
    },
    "for-each@0.3.3": {
      "integrity": "sha512-jqYfLp7mo9vIyQf8ykW2v7A+2N4QjeCeI5+Dz9XraiO1ign81wjiH7Fb9vSOWvQfNtmSa4H2RoQTrrXivdUZmw==",
      "dependencies": [
        "is-callable"
      ]
    },
    "function-bind@1.1.2": {
      "integrity": "sha512-7XHNxH7qX9xG5mIwxkhumTox/MIRNcOgDrxWsMt2pAr23WHp6MrRlN7FBSFpCpr+oVO0F744iUgR82nJMfG2SA=="
    },
    "get-intrinsic@1.2.4": {
      "integrity": "sha512-5uYhsJH8VJBTv7oslg4BznJYhDoRI6waYCxMmCdnTrcCrHA/fCFKoTFz2JKKE0HdDFUF7/oQuhzumXJK7paBRQ==",
      "dependencies": [
        "es-errors",
        "function-bind",
        "has-proto",
        "has-symbols",
        "hasown"
      ]
    },
    "gopd@1.1.0": {
      "integrity": "sha512-FQoVQnqcdk4hVM4JN1eromaun4iuS34oStkdlLENLdpULsuQcTyXj8w7ayhuUfPwEYZ1ZOooOTT6fdA9Vmx/RA==",
      "dependencies": [
        "get-intrinsic"
      ]
    },
    "has-property-descriptors@1.0.2": {
      "integrity": "sha512-55JNKuIW+vq4Ke1BjOTjM2YctQIvCT7GFzHwmfZPGo5wnrgkid0YQtnAleFSqumZm4az3n2BS+erby5ipJdgrg==",
      "dependencies": [
        "es-define-property"
      ]
    },
    "has-proto@1.1.0": {
      "integrity": "sha512-QLdzI9IIO1Jg7f9GT1gXpPpXArAn6cS31R1eEZqz08Gc+uQ8/XiqHWt17Fiw+2p6oTTIq5GXEpQkAlA88YRl/Q==",
      "dependencies": [
        "call-bind"
      ]
    },
    "has-symbols@1.1.0": {
      "integrity": "sha512-1cDNdwJ2Jaohmb3sg4OmKaMBwuC48sYni5HUw2DvsC8LjGTLK9h+eb1X6RyuOHe4hT0ULCW68iomhjUoKUqlPQ=="
    },
    "has-tostringtag@1.0.2": {
      "integrity": "sha512-NqADB8VjPFLM2V0VvHUewwwsw0ZWBaIdgo+ieHtK3hasLz4qeCRjYcqfB6AQrBggRKppKF8L52/VqdVsO47Dlw==",
      "dependencies": [
        "has-symbols"
      ]
    },
    "hasown@2.0.2": {
      "integrity": "sha512-0hJU9SCPvmMzIBdZFqNPXWa6dqh7WdH0cII9y+CyS8rG3nL48Bclra9HmKhVVUHyPWNH5Y7xDwAB7bfgSjkUMQ==",
      "dependencies": [
        "function-bind"
      ]
    },
    "ieee754@1.2.1": {
      "integrity": "sha512-dcyqhDvX1C46lXZcVqCpK+FtMRQVdIMN6/Df5js2zouUsqG7I6sFxitIC+7KYK29KdXOLHdu9zL4sFnoVQnqaA=="
    },
    "inherits@2.0.4": {
      "integrity": "sha512-k/vGaX4/Yla3WzyMCvTQOXYeIHvqOKtnqBduzTHpzpQZzAskKMhZ2K+EnBiSM9zGSoIFeMpXKxa4dYeZIQqewQ=="
    },
    "ipaddr.js@2.2.0": {
      "integrity": "sha512-Ag3wB2o37wslZS19hZqorUnrnzSkpOVy+IiiDEiTqNubEYpYuHWIf6K4psgN2ZWKExS4xhVCrRVfb/wfW8fWJA=="
    },
    "is-arguments@1.1.1": {
      "integrity": "sha512-8Q7EARjzEnKpt/PCD7e1cgUS0a6X8u5tdSiMqXhojOdoV9TsMsiO+9VLC5vAmO8N7/GmXn7yjR8qnA6bVAEzfA==",
      "dependencies": [
        "call-bind",
        "has-tostringtag"
      ]
    },
    "is-callable@1.2.7": {
      "integrity": "sha512-1BC0BVFhS/p0qtw6enp8e+8OD0UrK0oFLztSjNzhcKA3WDuJxxAPXzPuPtKkjEY9UUoEWlX/8fgKeu2S8i9JTA=="
    },
    "is-generator-function@1.0.10": {
      "integrity": "sha512-jsEjy9l3yiXEQ+PsXdmBwEPcOxaXWLspKdplFUVI9vq1iZgIekeC0L167qeu86czQaxed3q/Uzuw0swL0irL8A==",
      "dependencies": [
        "has-tostringtag"
      ]
    },
    "is-typed-array@1.1.13": {
      "integrity": "sha512-uZ25/bUAlUY5fR4OKT4rZQEBrzQWYV9ZJYGGsUmEJ6thodVJ1HX64ePQ6Z0qPWP+m+Uq6e9UugrE38jeYsDSMw==",
      "dependencies": [
        "which-typed-array"
      ]
    },
    "lodash@4.17.21": {
      "integrity": "sha512-v2kDEe57lecTulaDIuNTPy3Ry4gLGJ6Z1O3vE1krgXZNrsQ+LFTGHVxVjcXPs17LhbZVGedAJv8XZ1tvj5FvSg=="
    },
    "mime-db@1.52.0": {
      "integrity": "sha512-sPU4uV7dYlvtWJxwwxHD0PuihVNiE7TyAbQ5SWxDCB9mUYvOgroQOwYQQOKPJ8CIbE+1ETVlOoK1UC2nU3gYvg=="
    },
    "mime-types@2.1.35": {
      "integrity": "sha512-ZDY+bPm5zTTF+YpCrAU9nK0UgICYPT0QtT1NZWFv4s++TNkcgVaT0g6+4R2uI4MjQjzysHB1zxuWL50hzaeXiw==",
      "dependencies": [
        "mime-db"
      ]
    },
    "minio@8.0.2": {
      "integrity": "sha512-7ipWbtgzzboctf+McK+2cXwCrNOhuboTA/O1g9iWa0gH8R4GkeyFWwk12aVDEHdzjPiG8wxnjwfHS7pgraKuHw==",
      "dependencies": [
        "async",
        "block-stream2",
        "browser-or-node",
        "buffer-crc32",
        "eventemitter3",
        "fast-xml-parser",
        "ipaddr.js",
        "lodash",
        "mime-types",
        "query-string",
        "stream-json",
        "through2",
        "web-encoding",
        "xml2js"
      ]
    },
    "nan@2.22.0": {
      "integrity": "sha512-nbajikzWTMwsW+eSsNm3QwlOs7het9gGJU5dDZzRTQGk03vyBOauxgI4VakDzE0PtsGTmXPsXTbbjVhRwR5mpw=="
    },
    "penteract@0.4.0": {
      "integrity": "sha512-dGbEafXPG2wO9zhFPb9wP0UeFOxWVn71zRg5YJmJk1OLj+LB5+duB3avWqYElwj6BDXP+fl16RmBvSyebWF8gQ==",
      "dependencies": [
        "babel-runtime",
        "nan"
      ]
    },
    "possible-typed-array-names@1.0.0": {
      "integrity": "sha512-d7Uw+eZoloe0EHDIYoe+bQ5WXnGMOpmiZFTuMWCwpjzzkL2nTjcKiAk4hh8TjnGye2TwWOk3UXucZ+3rbmBa8Q=="
    },
    "query-string@7.1.3": {
      "integrity": "sha512-hh2WYhq4fi8+b+/2Kg9CEge4fDPvHS534aOOvOZeQ3+Vf2mCFsaFBYj0i+iXcAq6I9Vzp5fjMFBlONvayDC1qg==",
      "dependencies": [
        "decode-uri-component",
        "filter-obj",
        "split-on-first",
        "strict-uri-encode"
      ]
    },
    "readable-stream@3.6.2": {
      "integrity": "sha512-9u/sniCrY3D5WdsERHzHE4G2YCXqoG5FTHUiCC4SIbr6XcLZBY05ya9EKjYek9O5xOAwjGq+1JdGBAS7Q9ScoA==",
      "dependencies": [
        "inherits",
        "string_decoder",
        "util-deprecate"
      ]
    },
    "regenerator-runtime@0.11.1": {
      "integrity": "sha512-MguG95oij0fC3QV3URf4V2SDYGJhJnJGqvIIgdECeODCT98wSWDAJ94SSuVpYQUoTcGUIL6L4yNB7j1DFFHSBg=="
    },
    "safe-buffer@5.2.1": {
      "integrity": "sha512-rp3So07KcdmmKbGvgaNxQSJr7bGVSVk5S9Eq1F+ppbRo70+YeaDxkw5Dd8NPN+GD6bjnYm2VuPuCXmpuYvmCXQ=="
    },
    "sax@1.4.1": {
      "integrity": "sha512-+aWOz7yVScEGoKNd4PA10LZ8sk0A/z5+nXQG5giUO5rprX9jgYsTdov9qCchZiPIZezbZH+jRut8nPodFAX4Jg=="
    },
    "set-function-length@1.2.2": {
      "integrity": "sha512-pgRc4hJ4/sNjWCSS9AmnS40x3bNMDTknHgL5UaMBTMyJnU90EgWh1Rz+MC9eFu4BuN/UwZjKQuY/1v3rM7HMfg==",
      "dependencies": [
        "define-data-property",
        "es-errors",
        "function-bind",
        "get-intrinsic",
        "gopd",
        "has-property-descriptors"
      ]
    },
    "split-on-first@1.1.0": {
      "integrity": "sha512-43ZssAJaMusuKWL8sKUBQXHWOpq8d6CfN/u1p4gUzfJkM05C8rxTmYrkIPTXapZpORA6LkkzcUulJ8FqA7Uudw=="
    },
    "stream-chain@2.2.5": {
      "integrity": "sha512-1TJmBx6aSWqZ4tx7aTpBDXK0/e2hhcNSTV8+CbFJtDjbb+I1mZ8lHit0Grw9GRT+6JbIrrDd8esncgBi8aBXGA=="
    },
    "stream-json@1.9.1": {
      "integrity": "sha512-uWkjJ+2Nt/LO9Z/JyKZbMusL8Dkh97uUBTv3AJQ74y07lVahLY4eEFsPsE97pxYBwr8nnjMAIch5eqI0gPShyw==",
      "dependencies": [
        "stream-chain"
      ]
    },
    "strict-uri-encode@2.0.0": {
      "integrity": "sha512-QwiXZgpRcKkhTj2Scnn++4PKtWsH0kpzZ62L2R6c/LUVYv7hVnZqcg2+sMuT6R7Jusu1vviK/MFsu6kNJfWlEQ=="
    },
    "string_decoder@1.3.0": {
      "integrity": "sha512-hkRX8U1WjJFd8LsDJ2yQ/wWWxaopEsABU1XfkM8A+j0+85JAGppt16cr1Whg6KIbb4okU6Mql6BOj+uup/wKeA==",
      "dependencies": [
        "safe-buffer"
      ]
    },
    "strnum@1.0.5": {
      "integrity": "sha512-J8bbNyKKXl5qYcR36TIO8W3mVGVHrmmxsd5PAItGkmyzwJvybiw2IVq5nqd0i4LSNSkB/sx9VHllbfFdr9k1JA=="
    },
    "through2@4.0.2": {
      "integrity": "sha512-iOqSav00cVxEEICeD7TjLB1sueEL+81Wpzp2bY17uZjZN0pWZPuo4suZ/61VujxmqSGFfgOcNuTZ85QJwNZQpw==",
      "dependencies": [
        "readable-stream"
      ]
    },
    "util-deprecate@1.0.2": {
      "integrity": "sha512-EPD5q1uXyFxJpCrLnCc1nHnq3gOa6DZBocAIiI2TaSCA7VCJ1UJDMagCzIkXNsUYfD1daK//LTEQ8xiIbrHtcw=="
    },
    "util@0.12.5": {
      "integrity": "sha512-kZf/K6hEIrWHI6XqOFUiiMa+79wE/D8Q+NCNAWclkyg3b4d2k7s0QGepNjiABc+aR3N1PAyHL7p6UcLY6LmrnA==",
      "dependencies": [
        "inherits",
        "is-arguments",
        "is-generator-function",
        "is-typed-array",
        "which-typed-array"
      ]
    },
    "web-encoding@1.1.5": {
      "integrity": "sha512-HYLeVCdJ0+lBYV2FvNZmv3HJ2Nt0QYXqZojk3d9FJOLkwnuhzM9tmamh8d7HPM8QqjKH8DeHkFTx+CFlWpZZDA==",
      "dependencies": [
        "@zxing/text-encoding",
        "util"
      ]
    },
    "which-typed-array@1.1.16": {
      "integrity": "sha512-g+N+GAWiRj66DngFwHvISJd+ITsyphZvD1vChfVg6cEdnzy53GzB3oy0fUNlvhz7H7+MiqhYr26qxQShCpKTTQ==",
      "dependencies": [
        "available-typed-arrays",
        "call-bind",
        "for-each",
        "gopd",
        "has-tostringtag"
      ]
    },
    "xml2js@0.6.2": {
      "integrity": "sha512-T4rieHaC1EXcES0Kxxj4JWgaUQHDk+qwHcYOCFHfiwKz7tOVPLq7Hjq9dM1WCMhylqMEfP7hMcOIChvotiZegA==",
      "dependencies": [
        "sax",
        "xmlbuilder"
      ]
    },
    "xmlbuilder@11.0.1": {
      "integrity": "sha512-fDlsI/kFEx7gLvbecc0/ohLG50fugQp8ryHzMTuW9vSa1GJ0XYWKnhsUx7oie3G98+r56aTQIUB4kht42R3JvA=="
    }
  },
  "redirects": {
    "https://deno.land/x/buffer/mod.ts": "https://deno.land/x/buffer@v1.0.0/mod.ts"
  },
  "remote": {
    "https://deno.land/std@0.115.1/async/pool.ts": "353ce4f91865da203a097aa6f33de8966340c91b6f4a055611c8c5d534afd12f",
    "https://deno.land/x/aws_sign_v4@1.0.2/mod.ts": "be798766c3058ebe0ba9a45c3d18a0e87855b3663bacd3e86278173a49b6618f",
    "https://deno.land/x/aws_sign_v4@1.0.2/src/date.ts": "96d156206dceadbede0e8cd709dd2b0f8c8aef858359dbe187b78c50bdc73353",
    "https://deno.land/x/aws_sign_v4@1.0.2/src/signing.ts": "0118be5f11100e32075e680fb7ceb78e3cf6caf923739178dad8508ad4ea5db3",
    "https://deno.land/x/aws_sign_v4@1.0.2/src/util.ts": "c3b58b95bce15d02607f7434e488cfaef235dc7773b7e9d90d9d6e962d189c23",
    "https://deno.land/x/buffer@v1.0.0/mod.ts": "f910fc77b3d3fa5242fa56c551ca5598913ffb56cdaa65223de0d622b5277643",
    "https://deno.land/x/html_entities@v1.0/lib/xml-entities.js": "cbbc40f7b6fd1f925508ff7d43a52d2383a57a64d0aaa3a7a1eca9d4155e4bde",
    "https://deno.land/x/list@v1.0.0/mod.ts": "fa76bd5e5a21f3d96f35276a19ae189b14e6c0d9f16f38b819622a88fb6c42da",
    "https://deno.land/x/s3@0.5.0/deps.ts": "712e6417008266bbab80f4d95a633474e353787b198f00e303b5d0e57bab334e",
    "https://deno.land/x/s3@0.5.0/mod.ts": "4e0ec5073559a035429afaeb4b1f8ee8470b6f4f831df25ea0bde181b22aabec",
    "https://deno.land/x/s3@0.5.0/src/bucket.ts": "e3a76cd2ac219f53f46e1196663f5c9507d9bcb17e2354e19c2c19de3aeac418",
    "https://deno.land/x/s3@0.5.0/src/client.ts": "1ea62d85d17ad2d3bb643af008712299c8ccc4ba030a26b0d6c3cc804e1cb48b",
    "https://deno.land/x/s3@0.5.0/src/error.ts": "a7857ca64eedbaf5c4daad5e83fdef5c4acd61534bffdab784b4e17e008e6aae",
    "https://deno.land/x/s3@0.5.0/src/request.ts": "c469c447d65e0508a94c8fa6d68ab4c54b23efbdacef58dd8651975721ecf8a6",
    "https://deno.land/x/s3@0.5.0/src/types.ts": "817968920f69e2768dcaeec59f301ce791715544bac2561d59e3e9ca81ec0bba",
    "https://raw.githubusercontent.com/nekobato/deno-xml-parser/0bc4c2bd2f5fad36d274279978ca57eec57c680c/index.ts": "05d093028c005706e37b46bfe2bb7e2488f42fdc74d2196ac818902336927c01"
  },
  "workspace": {
    "dependencies": [
      "jsr:@std/assert@1"
    ]
  }
}
